{
  "originHash" : "ad86830be5c14d952d5fb6bd8bb859a4437b9743dc7b37616516cc793d05fa09",
  "pins" : [
    {
      "identity" : "opaldiagnostics",
      "kind" : "remoteSourceControl",
      "location" : "https://github.com/58opals/OpalDiagnostics.git",
      "state" : {
        "branch" : "develop",
        "revision" : "66b75c2be93b0315473698776632a8f732760560"
      }
    }
  ],
  "version" : 3
}
