{
  "originHash" : "b6343d07512364ec7ecff31158871b1cd932d374a964b80cdb8ab1541c7d3049",
  "pins" : [
    {
      "identity" : "opaldiagnostics",
      "kind" : "remoteSourceControl",
      "location" : "https://github.com/58opals/OpalDiagnostics.git",
      "state" : {
        "revision" : "8c42eeb40d64776789e70694e4e5006d2afa400c",
        "version" : "0.2.0"
      }
    }
  ],
  "version" : 3
}
